// !$*UTF8*$!
{
	archiveVersion = 1;
	classes = {
	};
	objectVersion = 56;
	objects = {

/* Begin PBXBuildFile section */
		000000000000000000000101 /* CalculetteFiscaleApp.swift in Sources */ = {isa = PBXBuildFile; fileRef = 000000000000000000000201 /* CalculetteFiscaleApp.swift */; };
		000000000000000000000102 /* VATCalculator.swift in Sources */ = {isa = PBXBuildFile; fileRef = 000000000000000000000202 /* VATCalculator.swift */; };
		000000000000000000000103 /* CalculatorShellView.swift in Sources */ = {isa = PBXBuildFile; fileRef = 000000000000000000000203 /* CalculatorShellView.swift */; };
		000000000000000000000104 /* Assets.xcassets in Resources */ = {isa = PBXBuildFile; fileRef = 000000000000000000000204 /* Assets.xcassets */; };
		000000000000000000000105 /* VATCalculatorTests.swift in Sources */ = {isa = PBXBuildFile; fileRef = 000000000000000000000205 /* VATCalculatorTests.swift */; };
		000000000000000000000106 /* CalculatorViewState.swift in Sources */ = {isa = PBXBuildFile; fileRef = 000000000000000000000209 /* CalculatorViewState.swift */; };
		000000000000000000000107 /* PurchaseState.swift in Sources */ = {isa = PBXBuildFile; fileRef = 00000000000000000000020A /* PurchaseState.swift */; };
		000000000000000000000108 /* StoreKitService.swift in Sources */ = {isa = PBXBuildFile; fileRef = 00000000000000000000020B /* StoreKitService.swift */; };
		000000000000000000000109 /* EntitlementStore.swift in Sources */ = {isa = PBXBuildFile; fileRef = 00000000000000000000020C /* EntitlementStore.swift */; };
		00000000000000000000010A /* PaywallView.swift in Sources */ = {isa = PBXBuildFile; fileRef = 00000000000000000000020D /* PaywallView.swift */; };
		00000000000000000000010C /* MonetizationTests.swift in Sources */ = {isa = PBXBuildFile; fileRef = 00000000000000000000020F /* MonetizationTests.swift */; };
		00000000000000000000010D /* PrivacyInfo.xcprivacy in Resources */ = {isa = PBXBuildFile; fileRef = 000000000000000000000210 /* PrivacyInfo.xcprivacy */; };
/* End PBXBuildFile section */

/* Begin PBXContainerItemProxy section */
		000000000000000000000301 /* PBXContainerItemProxy */ = {
			isa = PBXContainerItemProxy;
			containerPortal = 000000000000000000000901 /* Project object */;
			proxyType = 1;
			remoteGlobalIDString = 000000000000000000000001;
			remoteInfo = CalculetteFiscale;
		};
/* End PBXContainerItemProxy section */

/* Begin PBXFileReference section */
		000000000000000000000201 /* CalculetteFiscaleApp.swift */ = {isa = PBXFileReference; lastKnownFileType = sourcecode.swift; path = CalculetteFiscaleApp.swift; sourceTree = "<group>"; };
		000000000000000000000202 /* VATCalculator.swift */ = {isa = PBXFileReference; lastKnownFileType = sourcecode.swift; path = VATCalculator.swift; sourceTree = "<group>"; };
		000000000000000000000203 /* CalculatorShellView.swift */ = {isa = PBXFileReference; lastKnownFileType = sourcecode.swift; path = CalculatorShellView.swift; sourceTree = "<group>"; };
		000000000000000000000204 /* Assets.xcassets */ = {isa = PBXFileReference; lastKnownFileType = folder.assetcatalog; path = Assets.xcassets; sourceTree = "<group>"; };
		000000000000000000000205 /* VATCalculatorTests.swift */ = {isa = PBXFileReference; lastKnownFileType = sourcecode.swift; path = VATCalculatorTests.swift; sourceTree = "<group>"; };
		000000000000000000000206 /* Preview Content */ = {isa = PBXFileReference; lastKnownFileType = folder; path = "Preview Content"; sourceTree = "<group>"; };
		000000000000000000000207 /* CalculetteFiscale.app */ = {isa = PBXFileReference; explicitFileType = wrapper.application; includeInIndex = 0; path = CalculetteFiscale.app; sourceTree = BUILT_PRODUCTS_DIR; };
		000000000000000000000208 /* CalculetteFiscaleTests.xctest */ = {isa = PBXFileReference; explicitFileType = wrapper.cfbundle; includeInIndex = 0; path = CalculetteFiscaleTests.xctest; sourceTree = BUILT_PRODUCTS_DIR; };
		000000000000000000000209 /* CalculatorViewState.swift */ = {isa = PBXFileReference; lastKnownFileType = sourcecode.swift; path = CalculatorViewState.swift; sourceTree = "<group>"; };
		00000000000000000000020A /* PurchaseState.swift */ = {isa = PBXFileReference; lastKnownFileType = sourcecode.swift; path = PurchaseState.swift; sourceTree = "<group>"; };
		00000000000000000000020B /* StoreKitService.swift */ = {isa = PBXFileReference; lastKnownFileType = sourcecode.swift; path = StoreKitService.swift; sourceTree = "<group>"; };
		00000000000000000000020C /* EntitlementStore.swift */ = {isa = PBXFileReference; lastKnownFileType = sourcecode.swift; path = EntitlementStore.swift; sourceTree = "<group>"; };
		00000000000000000000020D /* PaywallView.swift */ = {isa = PBXFileReference; lastKnownFileType = sourcecode.swift; path = PaywallView.swift; sourceTree = "<group>"; };
		00000000000000000000020E /* CalculetteFiscale.storekit */ = {isa = PBXFileReference; lastKnownFileType = text; path = CalculetteFiscale.storekit; sourceTree = "<group>"; };
		00000000000000000000020F /* MonetizationTests.swift */ = {isa = PBXFileReference; lastKnownFileType = sourcecode.swift; path = MonetizationTests.swift; sourceTree = "<group>"; };
		000000000000000000000210 /* PrivacyInfo.xcprivacy */ = {isa = PBXFileReference; lastKnownFileType = text.xml; path = PrivacyInfo.xcprivacy; sourceTree = "<group>"; };
/* End PBXFileReference section */

/* Begin PBXFrameworksBuildPhase section */
		000000000000000000000401 /* Frameworks */ = {
			isa = PBXFrameworksBuildPhase;
			buildActionMask = 2147483647;
			files = (
			);
			runOnlyForDeploymentPostprocessing = 0;
		};
		000000000000000000000402 /* Frameworks */ = {
			isa = PBXFrameworksBuildPhase;
			buildActionMask = 2147483647;
			files = (
			);
			runOnlyForDeploymentPostprocessing = 0;
		};
/* End PBXFrameworksBuildPhase section */

/* Begin PBXGroup section */
		000000000000000000000501 = {
			isa = PBXGroup;
			children = (
				000000000000000000000502 /* CalculetteFiscale */,
				000000000000000000000508 /* CalculetteFiscaleTests */,
				000000000000000000000509 /* Products */,
			);
			sourceTree = "<group>";
		};
		000000000000000000000502 /* CalculetteFiscale */ = {
			isa = PBXGroup;
			children = (
				000000000000000000000503 /* Sources */,
				000000000000000000000507 /* Resources */,
			);
			path = CalculetteFiscale;
			sourceTree = "<group>";
		};
		000000000000000000000503 /* Sources */ = {
			isa = PBXGroup;
			children = (
				000000000000000000000201 /* CalculetteFiscaleApp.swift */,
				000000000000000000000504 /* Domain */,
				000000000000000000000506 /* State */,
				00000000000000000000050A /* Store */,
				000000000000000000000505 /* Views */,
			);
			path = Sources;
			sourceTree = "<group>";
		};
		000000000000000000000504 /* Domain */ = {
			isa = PBXGroup;
			children = (
				000000000000000000000202 /* VATCalculator.swift */,
			);
			path = Domain;
			sourceTree = "<group>";
		};
		000000000000000000000505 /* Views */ = {
			isa = PBXGroup;
			children = (
				000000000000000000000203 /* CalculatorShellView.swift */,
				00000000000000000000020D /* PaywallView.swift */,
			);
			path = Views;
			sourceTree = "<group>";
		};
		000000000000000000000506 /* State */ = {
			isa = PBXGroup;
			children = (
				000000000000000000000209 /* CalculatorViewState.swift */,
			);
			path = State;
			sourceTree = "<group>";
		};
		000000000000000000000507 /* Resources */ = {
			isa = PBXGroup;
			children = (
				000000000000000000000204 /* Assets.xcassets */,
				00000000000000000000020E /* CalculetteFiscale.storekit */,
				000000000000000000000210 /* PrivacyInfo.xcprivacy */,
				000000000000000000000206 /* Preview Content */,
			);
			path = Resources;
			sourceTree = "<group>";
		};
		000000000000000000000508 /* CalculetteFiscaleTests */ = {
			isa = PBXGroup;
			children = (
				00000000000000000000020F /* MonetizationTests.swift */,
				000000000000000000000205 /* VATCalculatorTests.swift */,
			);
			path = CalculetteFiscaleTests;
			sourceTree = "<group>";
		};
		000000000000000000000509 /* Products */ = {
			isa = PBXGroup;
			children = (
				000000000000000000000207 /* CalculetteFiscale.app */,
				000000000000000000000208 /* CalculetteFiscaleTests.xctest */,
			);
			name = Products;
			sourceTree = "<group>";
		};
		00000000000000000000050A /* Store */ = {
			isa = PBXGroup;
			children = (
				00000000000000000000020C /* EntitlementStore.swift */,
				00000000000000000000020A /* PurchaseState.swift */,
				00000000000000000000020B /* StoreKitService.swift */,
			);
			path = Store;
			sourceTree = "<group>";
		};
/* End PBXGroup section */

/* Begin PBXNativeTarget section */
		000000000000000000000001 /* CalculetteFiscale */ = {
			isa = PBXNativeTarget;
			buildConfigurationList = 000000000000000000000701 /* Build configuration list for PBXNativeTarget "CalculetteFiscale" */;
			buildPhases = (
				000000000000000000000601 /* Sources */,
				000000000000000000000401 /* Frameworks */,
				000000000000000000000602 /* Resources */,
			);
			buildRules = (
			);
			dependencies = (
			);
			name = CalculetteFiscale;
			productName = CalculetteFiscale;
			productReference = 000000000000000000000207 /* CalculetteFiscale.app */;
			productType = "com.apple.product-type.application";
		};
		000000000000000000000002 /* CalculetteFiscaleTests */ = {
			isa = PBXNativeTarget;
			buildConfigurationList = 000000000000000000000702 /* Build configuration list for PBXNativeTarget "CalculetteFiscaleTests" */;
			buildPhases = (
				000000000000000000000603 /* Sources */,
				000000000000000000000402 /* Frameworks */,
				000000000000000000000604 /* Resources */,
			);
			buildRules = (
			);
			dependencies = (
				000000000000000000000302 /* PBXTargetDependency */,
			);
			name = CalculetteFiscaleTests;
			productName = CalculetteFiscaleTests;
			productReference = 000000000000000000000208 /* CalculetteFiscaleTests.xctest */;
			productType = "com.apple.product-type.bundle.unit-test";
		};
/* End PBXNativeTarget section */

/* Begin PBXProject section */
		000000000000000000000901 /* Project object */ = {
			isa = PBXProject;
			attributes = {
				BuildIndependentTargetsInParallel = 1;
				LastSwiftUpdateCheck = 1640;
				LastUpgradeCheck = 1640;
				TargetAttributes = {
					000000000000000000000001 = {
						CreatedOnToolsVersion = 16.4;
					};
					000000000000000000000002 = {
						CreatedOnToolsVersion = 16.4;
						TestTargetID = 000000000000000000000001;
					};
				};
			};
			buildConfigurationList = 000000000000000000000703 /* Build configuration list for PBXProject "CalculetteFiscale" */;
			compatibilityVersion = "Xcode 14.0";
			developmentRegion = fr;
			hasScannedForEncodings = 0;
			knownRegions = (
				fr,
				en,
				Base,
			);
			mainGroup = 000000000000000000000501;
			productRefGroup = 000000000000000000000509 /* Products */;
			projectDirPath = "";
			projectRoot = "";
			targets = (
				000000000000000000000001 /* CalculetteFiscale */,
				000000000000000000000002 /* CalculetteFiscaleTests */,
			);
		};
/* End PBXProject section */

/* Begin PBXResourcesBuildPhase section */
		000000000000000000000602 /* Resources */ = {
			isa = PBXResourcesBuildPhase;
			buildActionMask = 2147483647;
			files = (
				000000000000000000000104 /* Assets.xcassets in Resources */,
				00000000000000000000010D /* PrivacyInfo.xcprivacy in Resources */,
			);
			runOnlyForDeploymentPostprocessing = 0;
		};
		000000000000000000000604 /* Resources */ = {
			isa = PBXResourcesBuildPhase;
			buildActionMask = 2147483647;
			files = (
			);
			runOnlyForDeploymentPostprocessing = 0;
		};
/* End PBXResourcesBuildPhase section */

/* Begin PBXSourcesBuildPhase section */
		000000000000000000000601 /* Sources */ = {
			isa = PBXSourcesBuildPhase;
			buildActionMask = 2147483647;
			files = (
				000000000000000000000101 /* CalculetteFiscaleApp.swift in Sources */,
				000000000000000000000102 /* VATCalculator.swift in Sources */,
				000000000000000000000109 /* EntitlementStore.swift in Sources */,
				000000000000000000000106 /* CalculatorViewState.swift in Sources */,
				00000000000000000000010A /* PaywallView.swift in Sources */,
				000000000000000000000107 /* PurchaseState.swift in Sources */,
				000000000000000000000108 /* StoreKitService.swift in Sources */,
				000000000000000000000103 /* CalculatorShellView.swift in Sources */,
			);
			runOnlyForDeploymentPostprocessing = 0;
		};
		000000000000000000000603 /* Sources */ = {
			isa = PBXSourcesBuildPhase;
			buildActionMask = 2147483647;
			files = (
				00000000000000000000010C /* MonetizationTests.swift in Sources */,
				000000000000000000000105 /* VATCalculatorTests.swift in Sources */,
			);
			runOnlyForDeploymentPostprocessing = 0;
		};
/* End PBXSourcesBuildPhase section */

/* Begin PBXTargetDependency section */
		000000000000000000000302 /* PBXTargetDependency */ = {
			isa = PBXTargetDependency;
			target = 000000000000000000000001 /* CalculetteFiscale */;
			targetProxy = 000000000000000000000301 /* PBXContainerItemProxy */;
		};
/* End PBXTargetDependency section */

/* Begin XCBuildConfiguration section */
		000000000000000000000801 /* Debug */ = {
			isa = XCBuildConfiguration;
			buildSettings = {
				ASSETCATALOG_COMPILER_APPICON_NAME = AppIcon;
				ASSETCATALOG_COMPILER_GLOBAL_ACCENT_COLOR_NAME = AccentColor;
				CODE_SIGN_STYLE = Automatic;
				CURRENT_PROJECT_VERSION = 2;
				DEVELOPMENT_ASSET_PATHS = "\"CalculetteFiscale/Resources/Preview Content\"";
				DEVELOPMENT_TEAM = 393ZW5QCU6;
				ENABLE_PREVIEWS = YES;
				GENERATE_INFOPLIST_FILE = YES;
				INFOPLIST_KEY_CFBundleDisplayName = "Calculette Fiscale";
				INFOPLIST_KEY_LSApplicationCategoryType = "public.app-category.finance";
				INFOPLIST_KEY_UIApplicationSceneManifest_Generation = YES;
				INFOPLIST_KEY_UIApplicationSupportsIndirectInputEvents = YES;
				INFOPLIST_KEY_UILaunchScreen_Generation = YES;
				INFOPLIST_KEY_UISupportedInterfaceOrientations_iPhone = "UIInterfaceOrientationPortrait UIInterfaceOrientationLandscapeLeft UIInterfaceOrientationLandscapeRight";
				IPHONEOS_DEPLOYMENT_TARGET = 17.0;
				LD_RUNPATH_SEARCH_PATHS = (
					"$(inherited)",
					"@executable_path/Frameworks",
				);
				MARKETING_VERSION = 1.0.1;
				PRODUCT_BUNDLE_IDENTIFIER = io.hgnn.calculettefiscale;
				PRODUCT_NAME = "$(TARGET_NAME)";
				SWIFT_EMIT_LOC_STRINGS = YES;
				SWIFT_VERSION = 5.0;
				SUPPORTED_DEVICE_FAMILIES = 1;
				SUPPORTS_MAC_DESIGNED_FOR_IPHONE_IPAD = NO;
				SUPPORTS_XR_DESIGNED_FOR_IPHONE_IPAD = NO;
				TARGETED_DEVICE_FAMILY = 1;
			};
			name = Debug;
		};
		000000000000000000000802 /* Release */ = {
			isa = XCBuildConfiguration;
			buildSettings = {
				ASSETCATALOG_COMPILER_APPICON_NAME = AppIcon;
				ASSETCATALOG_COMPILER_GLOBAL_ACCENT_COLOR_NAME = AccentColor;
				CODE_SIGN_STYLE = Automatic;
				CURRENT_PROJECT_VERSION = 2;
				DEVELOPMENT_ASSET_PATHS = "\"CalculetteFiscale/Resources/Preview Content\"";
				DEVELOPMENT_TEAM = 393ZW5QCU6;
				ENABLE_PREVIEWS = YES;
				GENERATE_INFOPLIST_FILE = YES;
				INFOPLIST_KEY_CFBundleDisplayName = "Calculette Fiscale";
				INFOPLIST_KEY_LSApplicationCategoryType = "public.app-category.finance";
				INFOPLIST_KEY_UIApplicationSceneManifest_Generation = YES;
				INFOPLIST_KEY_UIApplicationSupportsIndirectInputEvents = YES;
				INFOPLIST_KEY_UILaunchScreen_Generation = YES;
				INFOPLIST_KEY_UISupportedInterfaceOrientations_iPhone = "UIInterfaceOrientationPortrait UIInterfaceOrientationLandscapeLeft UIInterfaceOrientationLandscapeRight";
				IPHONEOS_DEPLOYMENT_TARGET = 17.0;
				LD_RUNPATH_SEARCH_PATHS = (
					"$(inherited)",
					"@executable_path/Frameworks",
				);
				MARKETING_VERSION = 1.0.1;
				PRODUCT_BUNDLE_IDENTIFIER = io.hgnn.calculettefiscale;
				PRODUCT_NAME = "$(TARGET_NAME)";
				SWIFT_EMIT_LOC_STRINGS = YES;
				SWIFT_VERSION = 5.0;
				SUPPORTED_DEVICE_FAMILIES = 1;
				SUPPORTS_MAC_DESIGNED_FOR_IPHONE_IPAD = NO;
				SUPPORTS_XR_DESIGNED_FOR_IPHONE_IPAD = NO;
				TARGETED_DEVICE_FAMILY = 1;
			};
			name = Release;
		};
		000000000000000000000803 /* Debug */ = {
			isa = XCBuildConfiguration;
			buildSettings = {
				BUNDLE_LOADER = "$(TEST_HOST)";
				CODE_SIGN_STYLE = Automatic;
				CURRENT_PROJECT_VERSION = 2;
				DEVELOPMENT_TEAM = 393ZW5QCU6;
				GENERATE_INFOPLIST_FILE = YES;
				IPHONEOS_DEPLOYMENT_TARGET = 17.0;
				LD_RUNPATH_SEARCH_PATHS = (
					"$(inherited)",
					"@executable_path/Frameworks",
					"@loader_path/Frameworks",
				);
				MARKETING_VERSION = 1.0.1;
				PRODUCT_BUNDLE_IDENTIFIER = io.hgnn.calculettefiscale.tests;
				PRODUCT_NAME = "$(TARGET_NAME)";
				SWIFT_VERSION = 5.0;
				SUPPORTED_DEVICE_FAMILIES = 1;
				TARGETED_DEVICE_FAMILY = 1;
				TEST_HOST = "$(BUILT_PRODUCTS_DIR)/CalculetteFiscale.app/$(BUNDLE_EXECUTABLE_FOLDER_PATH)/CalculetteFiscale";
			};
			name = Debug;
		};
		000000000000000000000804 /* Release */ = {
			isa = XCBuildConfiguration;
			buildSettings = {
				BUNDLE_LOADER = "$(TEST_HOST)";
				CODE_SIGN_STYLE = Automatic;
				CURRENT_PROJECT_VERSION = 2;
				DEVELOPMENT_TEAM = 393ZW5QCU6;
				GENERATE_INFOPLIST_FILE = YES;
				IPHONEOS_DEPLOYMENT_TARGET = 17.0;
				LD_RUNPATH_SEARCH_PATHS = (
					"$(inherited)",
					"@executable_path/Frameworks",
					"@loader_path/Frameworks",
				);
				MARKETING_VERSION = 1.0.1;
				PRODUCT_BUNDLE_IDENTIFIER = io.hgnn.calculettefiscale.tests;
				PRODUCT_NAME = "$(TARGET_NAME)";
				SWIFT_VERSION = 5.0;
				SUPPORTED_DEVICE_FAMILIES = 1;
				TARGETED_DEVICE_FAMILY = 1;
				TEST_HOST = "$(BUILT_PRODUCTS_DIR)/CalculetteFiscale.app/$(BUNDLE_EXECUTABLE_FOLDER_PATH)/CalculetteFiscale";
			};
			name = Release;
		};
		000000000000000000000805 /* Debug */ = {
			isa = XCBuildConfiguration;
			buildSettings = {
				ALWAYS_SEARCH_USER_PATHS = NO;
				CLANG_ANALYZER_NONNULL = YES;
				CLANG_ANALYZER_NUMBER_OBJECT_CONVERSION = YES_AGGRESSIVE;
				CLANG_CXX_LANGUAGE_STANDARD = "gnu++20";
				CLANG_ENABLE_MODULES = YES;
				CLANG_ENABLE_OBJC_ARC = YES;
				CLANG_ENABLE_OBJC_WEAK = YES;
				CLANG_WARN_BLOCK_CAPTURE_AUTORELEASING = YES;
				CLANG_WARN_BOOL_CONVERSION = YES;
				CLANG_WARN_COMMA = YES;
				CLANG_WARN_CONSTANT_CONVERSION = YES;
				CLANG_WARN_DEPRECATED_OBJC_IMPLEMENTATIONS = YES;
				CLANG_WARN_DIRECT_OBJC_ISA_USAGE = YES_ERROR;
				CLANG_WARN_DOCUMENTATION_COMMENTS = YES;
				CLANG_WARN_EMPTY_BODY = YES;
				CLANG_WARN_ENUM_CONVERSION = YES;
				CLANG_WARN_INFINITE_RECURSION = YES;
				CLANG_WARN_INT_CONVERSION = YES;
				CLANG_WARN_NON_LITERAL_NULL_CONVERSION = YES;
				CLANG_WARN_OBJC_IMPLICIT_RETAIN_SELF = YES;
				CLANG_WARN_OBJC_LITERAL_CONVERSION = YES;
				CLANG_WARN_OBJC_ROOT_CLASS = YES_ERROR;
				CLANG_WARN_QUOTED_INCLUDE_IN_FRAMEWORK_HEADER = YES;
				CLANG_WARN_RANGE_LOOP_ANALYSIS = YES;
				CLANG_WARN_STRICT_PROTOTYPES = YES;
				CLANG_WARN_SUSPICIOUS_MOVE = YES;
				CLANG_WARN_UNGUARDED_AVAILABILITY = YES_AGGRESSIVE;
				CLANG_WARN_UNREACHABLE_CODE = YES;
				CLANG_WARN__DUPLICATE_METHOD_MATCH = YES;
				COPY_PHASE_STRIP = NO;
				DEBUG_INFORMATION_FORMAT = dwarf;
				ENABLE_STRICT_OBJC_MSGSEND = YES;
				ENABLE_TESTABILITY = YES;
				ENABLE_USER_SCRIPT_SANDBOXING = YES;
				GCC_C_LANGUAGE_STANDARD = gnu17;
				GCC_DYNAMIC_NO_PIC = NO;
				GCC_NO_COMMON_BLOCKS = YES;
				GCC_OPTIMIZATION_LEVEL = 0;
				GCC_PREPROCESSOR_DEFINITIONS = (
					"DEBUG=1",
					"$(inherited)",
				);
				GCC_WARN_64_TO_32_BIT_CONVERSION = YES;
				GCC_WARN_ABOUT_RETURN_TYPE = YES_ERROR;
				GCC_WARN_UNDECLARED_SELECTOR = YES;
				GCC_WARN_UNINITIALIZED_AUTOS = YES_AGGRESSIVE;
				GCC_WARN_UNUSED_FUNCTION = YES;
				GCC_WARN_UNUSED_VARIABLE = YES;
				LOCALIZATION_PREFERS_STRING_CATALOGS = YES;
				MTL_ENABLE_DEBUG_INFO = INCLUDE_SOURCE;
				MTL_FAST_MATH = YES;
				ONLY_ACTIVE_ARCH = YES;
				SDKROOT = iphoneos;
				SWIFT_ACTIVE_COMPILATION_CONDITIONS = "DEBUG $(inherited)";
				SWIFT_OPTIMIZATION_LEVEL = "-Onone";
			};
			name = Debug;
		};
		000000000000000000000806 /* Release */ = {
			isa = XCBuildConfiguration;
			buildSettings = {
				ALWAYS_SEARCH_USER_PATHS = NO;
				CLANG_ANALYZER_NONNULL = YES;
				CLANG_ANALYZER_NUMBER_OBJECT_CONVERSION = YES_AGGRESSIVE;
				CLANG_CXX_LANGUAGE_STANDARD = "gnu++20";
				CLANG_ENABLE_MODULES = YES;
				CLANG_ENABLE_OBJC_ARC = YES;
				CLANG_ENABLE_OBJC_WEAK = YES;
				CLANG_WARN_BLOCK_CAPTURE_AUTORELEASING = YES;
				CLANG_WARN_BOOL_CONVERSION = YES;
				CLANG_WARN_COMMA = YES;
				CLANG_WARN_CONSTANT_CONVERSION = YES;
				CLANG_WARN_DEPRECATED_OBJC_IMPLEMENTATIONS = YES;
				CLANG_WARN_DIRECT_OBJC_ISA_USAGE = YES_ERROR;
				CLANG_WARN_DOCUMENTATION_COMMENTS = YES;
				CLANG_WARN_EMPTY_BODY = YES;
				CLANG_WARN_ENUM_CONVERSION = YES;
				CLANG_WARN_INFINITE_RECURSION = YES;
				CLANG_WARN_INT_CONVERSION = YES;
				CLANG_WARN_NON_LITERAL_NULL_CONVERSION = YES;
				CLANG_WARN_OBJC_IMPLICIT_RETAIN_SELF = YES;
				CLANG_WARN_OBJC_LITERAL_CONVERSION = YES;
				CLANG_WARN_OBJC_ROOT_CLASS = YES_ERROR;
				CLANG_WARN_QUOTED_INCLUDE_IN_FRAMEWORK_HEADER = YES;
				CLANG_WARN_RANGE_LOOP_ANALYSIS = YES;
				CLANG_WARN_STRICT_PROTOTYPES = YES;
				CLANG_WARN_SUSPICIOUS_MOVE = YES;
				CLANG_WARN_UNGUARDED_AVAILABILITY = YES_AGGRESSIVE;
				CLANG_WARN_UNREACHABLE_CODE = YES;
				CLANG_WARN__DUPLICATE_METHOD_MATCH = YES;
				COPY_PHASE_STRIP = NO;
				DEBUG_INFORMATION_FORMAT = "dwarf-with-dsym";
				ENABLE_NS_ASSERTIONS = NO;
				ENABLE_STRICT_OBJC_MSGSEND = YES;
				ENABLE_USER_SCRIPT_SANDBOXING = YES;
				GCC_C_LANGUAGE_STANDARD = gnu17;
				GCC_NO_COMMON_BLOCKS = YES;
				GCC_WARN_64_TO_32_BIT_CONVERSION = YES;
				GCC_WARN_ABOUT_RETURN_TYPE = YES_ERROR;
				GCC_WARN_UNDECLARED_SELECTOR = YES;
				GCC_WARN_UNINITIALIZED_AUTOS = YES_AGGRESSIVE;
				GCC_WARN_UNUSED_FUNCTION = YES;
				GCC_WARN_UNUSED_VARIABLE = YES;
				LOCALIZATION_PREFERS_STRING_CATALOGS = YES;
				MTL_ENABLE_DEBUG_INFO = NO;
				MTL_FAST_MATH = YES;
				SDKROOT = iphoneos;
				SWIFT_COMPILATION_MODE = wholemodule;
				VALIDATE_PRODUCT = YES;
			};
			name = Release;
		};
/* End XCBuildConfiguration section */

/* Begin XCConfigurationList section */
		000000000000000000000701 /* Build configuration list for PBXNativeTarget "CalculetteFiscale" */ = {
			isa = XCConfigurationList;
			buildConfigurations = (
				000000000000000000000801 /* Debug */,
				000000000000000000000802 /* Release */,
			);
			defaultConfigurationIsVisible = 0;
			defaultConfigurationName = Release;
		};
		000000000000000000000702 /* Build configuration list for PBXNativeTarget "CalculetteFiscaleTests" */ = {
			isa = XCConfigurationList;
			buildConfigurations = (
				000000000000000000000803 /* Debug */,
				000000000000000000000804 /* Release */,
			);
			defaultConfigurationIsVisible = 0;
			defaultConfigurationName = Release;
		};
		000000000000000000000703 /* Build configuration list for PBXProject "CalculetteFiscale" */ = {
			isa = XCConfigurationList;
			buildConfigurations = (
				000000000000000000000805 /* Debug */,
				000000000000000000000806 /* Release */,
			);
			defaultConfigurationIsVisible = 0;
			defaultConfigurationName = Release;
		};
/* End XCConfigurationList section */
	};
	rootObject = 000000000000000000000901 /* Project object */;
}
